
Microsoft Visual Studio Solution File, Format Version 12.00
# Visual Studio Version 17
VisualStudioVersion = 17.5.33502.453
MinimumVisualStudioVersion = 10.0.40219.1
Project("{FAE04EC0-301F-11D3-BF4B-00C04F79EFBC}") = "eje1-tp8", "eje1-tp8\eje1-tp8.csproj", "{EC580D6F-7DEF-4185-AF00-459E678CC998}"
EndProject
Global
	GlobalSection(SolutionConfigurationPlatforms) = preSolution
		Debug|Any CPU = Debug|Any CPU
		Release|Any CPU = Release|Any CPU
	EndGlobalSection
	GlobalSection(ProjectConfigurationPlatforms) = postSolution
		{EC580D6F-7DEF-4185-AF00-459E678CC998}.Debug|Any CPU.ActiveCfg = Debug|Any CPU
		{EC580D6F-7DEF-4185-AF00-459E678CC998}.Debug|Any CPU.Build.0 = Debug|Any CPU
		{EC580D6F-7DEF-4185-AF00-459E678CC998}.Release|Any CPU.ActiveCfg = Release|Any CPU
		{EC580D6F-7DEF-4185-AF00-459E678CC998}.Release|Any CPU.Build.0 = Release|Any CPU
	EndGlobalSection
	GlobalSection(SolutionProperties) = preSolution
		HideSolutionNode = FALSE
	EndGlobalSection
	GlobalSection(ExtensibilityGlobals) = postSolution
		SolutionGuid = {49E5DCFB-C95F-4284-A34B-3681832ACC14}
	EndGlobalSection
EndGlobal
