
Microsoft Visual Studio Solution File, Format Version 12.00
# Visual Studio Version 17
VisualStudioVersion = 17.5.33502.453
MinimumVisualStudioVersion = 10.0.40219.1
Project("{FAE04EC0-301F-11D3-BF4B-00C04F79EFBC}") = "eje1-tp5", "eje1-tp5\eje1-tp5.csproj", "{261BFB71-DB82-442E-B1C2-9F19A6650595}"
EndProject
Global
	GlobalSection(SolutionConfigurationPlatforms) = preSolution
		Debug|Any CPU = Debug|Any CPU
		Release|Any CPU = Release|Any CPU
	EndGlobalSection
	GlobalSection(ProjectConfigurationPlatforms) = postSolution
		{261BFB71-DB82-442E-B1C2-9F19A6650595}.Debug|Any CPU.ActiveCfg = Debug|Any CPU
		{261BFB71-DB82-442E-B1C2-9F19A6650595}.Debug|Any CPU.Build.0 = Debug|Any CPU
		{261BFB71-DB82-442E-B1C2-9F19A6650595}.Release|Any CPU.ActiveCfg = Release|Any CPU
		{261BFB71-DB82-442E-B1C2-9F19A6650595}.Release|Any CPU.Build.0 = Release|Any CPU
	EndGlobalSection
	GlobalSection(SolutionProperties) = preSolution
		HideSolutionNode = FALSE
	EndGlobalSection
	GlobalSection(ExtensibilityGlobals) = postSolution
		SolutionGuid = {C0E4FC35-9040-433A-B3DE-394461D2CDE7}
	EndGlobalSection
EndGlobal
