
Microsoft Visual Studio Solution File, Format Version 12.00
# Visual Studio Version 17
VisualStudioVersion = 17.5.33502.453
MinimumVisualStudioVersion = 10.0.40219.1
Project("{FAE04EC0-301F-11D3-BF4B-00C04F79EFBC}") = "eje4-tp3", "eje4-tp3\eje4-tp3.csproj", "{D1A6F4CF-4BEA-4911-9240-5052F8006813}"
EndProject
Global
	GlobalSection(SolutionConfigurationPlatforms) = preSolution
		Debug|Any CPU = Debug|Any CPU
		Release|Any CPU = Release|Any CPU
	EndGlobalSection
	GlobalSection(ProjectConfigurationPlatforms) = postSolution
		{D1A6F4CF-4BEA-4911-9240-5052F8006813}.Debug|Any CPU.ActiveCfg = Debug|Any CPU
		{D1A6F4CF-4BEA-4911-9240-5052F8006813}.Debug|Any CPU.Build.0 = Debug|Any CPU
		{D1A6F4CF-4BEA-4911-9240-5052F8006813}.Release|Any CPU.ActiveCfg = Release|Any CPU
		{D1A6F4CF-4BEA-4911-9240-5052F8006813}.Release|Any CPU.Build.0 = Release|Any CPU
	EndGlobalSection
	GlobalSection(SolutionProperties) = preSolution
		HideSolutionNode = FALSE
	EndGlobalSection
	GlobalSection(ExtensibilityGlobals) = postSolution
		SolutionGuid = {09C79174-8A6A-4FAD-BA68-A19B3820722B}
	EndGlobalSection
EndGlobal
