
Microsoft Visual Studio Solution File, Format Version 12.00
# Visual Studio Version 17
VisualStudioVersion = 17.5.33502.453
MinimumVisualStudioVersion = 10.0.40219.1
Project("{FAE04EC0-301F-11D3-BF4B-00C04F79EFBC}") = "eje1.TP7", "eje1.TP7\eje1.TP7.csproj", "{51FDAC79-EF01-4EFD-95E6-BB25460431DC}"
EndProject
Global
	GlobalSection(SolutionConfigurationPlatforms) = preSolution
		Debug|Any CPU = Debug|Any CPU
		Release|Any CPU = Release|Any CPU
	EndGlobalSection
	GlobalSection(ProjectConfigurationPlatforms) = postSolution
		{51FDAC79-EF01-4EFD-95E6-BB25460431DC}.Debug|Any CPU.ActiveCfg = Debug|Any CPU
		{51FDAC79-EF01-4EFD-95E6-BB25460431DC}.Debug|Any CPU.Build.0 = Debug|Any CPU
		{51FDAC79-EF01-4EFD-95E6-BB25460431DC}.Release|Any CPU.ActiveCfg = Release|Any CPU
		{51FDAC79-EF01-4EFD-95E6-BB25460431DC}.Release|Any CPU.Build.0 = Release|Any CPU
	EndGlobalSection
	GlobalSection(SolutionProperties) = preSolution
		HideSolutionNode = FALSE
	EndGlobalSection
	GlobalSection(ExtensibilityGlobals) = postSolution
		SolutionGuid = {FC86DC4F-3959-4AAB-9C76-E31839D575AF}
	EndGlobalSection
EndGlobal
